
Microsoft Visual Studio Solution File, Format Version 12.00
# Visual Studio 2012
Project("{8BC9CEB8-8B4A-11D0-8D11-00A0C91BC942}") = "dllToHook", "dllToHook.vcxproj", "{2FDF50D9-76A6-4EC7-A9CA-996C2BFEB725}"
EndProject
Global
	GlobalSection(SolutionConfigurationPlatforms) = preSolution
		Debug|Win32 = Debug|Win32
		Release|Win32 = Release|Win32
	EndGlobalSection
	GlobalSection(ProjectConfigurationPlatforms) = postSolution
		{2FDF50D9-76A6-4EC7-A9CA-996C2BFEB725}.Debug|Win32.ActiveCfg = Debug|Win32
		{2FDF50D9-76A6-4EC7-A9CA-996C2BFEB725}.Debug|Win32.Build.0 = Debug|Win32
		{2FDF50D9-76A6-4EC7-A9CA-996C2BFEB725}.Release|Win32.ActiveCfg = Release|Win32
		{2FDF50D9-76A6-4EC7-A9CA-996C2BFEB725}.Release|Win32.Build.0 = Release|Win32
	EndGlobalSection
	GlobalSection(SolutionProperties) = preSolution
		HideSolutionNode = FALSE
	EndGlobalSection
EndGlobal
